// !$*UTF8*$!
{
	archiveVersion = 1;
	classes = {
	};
	objectVersion = 50;
	objects = {

/* Begin PBXBuildFile section */
		112D184F2261D4AE000DB9D0 /* bar.png in Resources */ = {isa = PBXBuildFile; fileRef = 112D184E2261D4AE000DB9D0 /* bar.png */; };
		112D185122624C5D000DB9D0 /* anxious2.png in Resources */ = {isa = PBXBuildFile; fileRef = 112D185022624C5D000DB9D0 /* anxious2.png */; };
		112D185B226254E3000DB9D0 /* calendar.png in Resources */ = {isa = PBXBuildFile; fileRef = 112D185A226254E3000DB9D0 /* calendar.png */; };
		112D185D22625814000DB9D0 /* sunset.png in Resources */ = {isa = PBXBuildFile; fileRef = 112D185C22625814000DB9D0 /* sunset.png */; };
		112D186822626F76000DB9D0 /* notification.png in Resources */ = {isa = PBXBuildFile; fileRef = 112D186422626F76000DB9D0 /* notification.png */; };
		112D186D22626FF1000DB9D0 /* sea.png in Resources */ = {isa = PBXBuildFile; fileRef = 112D186922626FF1000DB9D0 /* sea.png */; };
		112D186E22626FF1000DB9D0 /* sunset (1).png in Resources */ = {isa = PBXBuildFile; fileRef = 112D186A22626FF1000DB9D0 /* sunset (1).png */; };
		112D186F22626FF1000DB9D0 /* exercise.png in Resources */ = {isa = PBXBuildFile; fileRef = 112D186B22626FF1000DB9D0 /* exercise.png */; };
		112D187022626FF1000DB9D0 /* weekly-calendar.png in Resources */ = {isa = PBXBuildFile; fileRef = 112D186C22626FF1000DB9D0 /* weekly-calendar.png */; };
		112D1872226270AE000DB9D0 /* fireplace.png in Resources */ = {isa = PBXBuildFile; fileRef = 112D1871226270AE000DB9D0 /* fireplace.png */; };
		112D1878226291BC000DB9D0 /* mainBar.png in Resources */ = {isa = PBXBuildFile; fileRef = 112D1877226291BC000DB9D0 /* mainBar.png */; };
		112D187A226292D6000DB9D0 /* Anxiety.swift in Sources */ = {isa = PBXBuildFile; fileRef = 112D1879226292D6000DB9D0 /* Anxiety.swift */; };
		112D188022629453000DB9D0 /* drop.png in Resources */ = {isa = PBXBuildFile; fileRef = 112D187C22629453000DB9D0 /* drop.png */; };
		112D188122629453000DB9D0 /* forest.png in Resources */ = {isa = PBXBuildFile; fileRef = 112D187D22629453000DB9D0 /* forest.png */; };
		112D188222629453000DB9D0 /* headphones.png in Resources */ = {isa = PBXBuildFile; fileRef = 112D187E22629453000DB9D0 /* headphones.png */; };
		112D188322629453000DB9D0 /* lotus.png in Resources */ = {isa = PBXBuildFile; fileRef = 112D187F22629453000DB9D0 /* lotus.png */; };
		112D188722629E45000DB9D0 /* nature.mp3 in Resources */ = {isa = PBXBuildFile; fileRef = 112D188522629E45000DB9D0 /* nature.mp3 */; };
		112D188A22629E5B000DB9D0 /* ocean.mp3 in Resources */ = {isa = PBXBuildFile; fileRef = 112D188922629E5B000DB9D0 /* ocean.mp3 */; };
		112D188C22629E70000DB9D0 /* wave.png in Resources */ = {isa = PBXBuildFile; fileRef = 112D188B22629E70000DB9D0 /* wave.png */; };
		112D18902262A0D0000DB9D0 /* music.png in Resources */ = {isa = PBXBuildFile; fileRef = 112D188F2262A0CF000DB9D0 /* music.png */; };
		112D18922262AD2F000DB9D0 /* arrow.png in Resources */ = {isa = PBXBuildFile; fileRef = 112D18912262AD2F000DB9D0 /* arrow.png */; };
		112D18942262B2CF000DB9D0 /* angryBackground.jpeg in Resources */ = {isa = PBXBuildFile; fileRef = 112D18932262B2CF000DB9D0 /* angryBackground.jpeg */; };
		112D18972262B703000DB9D0 /* winner.png in Resources */ = {isa = PBXBuildFile; fileRef = 112D18962262B703000DB9D0 /* winner.png */; };
		11302E232262C22D00799921 /* laugh.png in Resources */ = {isa = PBXBuildFile; fileRef = 11302E202262C22D00799921 /* laugh.png */; };
		11302E242262C22D00799921 /* sneaker.png in Resources */ = {isa = PBXBuildFile; fileRef = 11302E212262C22D00799921 /* sneaker.png */; };
		11302E252262C22D00799921 /* camera.png in Resources */ = {isa = PBXBuildFile; fileRef = 11302E222262C22D00799921 /* camera.png */; };
		11302E292262C35400799921 /* Angry.swift in Sources */ = {isa = PBXBuildFile; fileRef = 11302E282262C35400799921 /* Angry.swift */; };
		11302E2B2262C68B00799921 /* gear.png in Resources */ = {isa = PBXBuildFile; fileRef = 11302E2A2262C68B00799921 /* gear.png */; };
		11302E2D2262D09900799921 /* suicideBackground.jpg in Resources */ = {isa = PBXBuildFile; fileRef = 11302E2C2262D09900799921 /* suicideBackground.jpg */; };
		11302E302262D1D500799921 /* charity.png in Resources */ = {isa = PBXBuildFile; fileRef = 11302E2F2262D1D500799921 /* charity.png */; };
		11302E322262D2A300799921 /* customer-service.png in Resources */ = {isa = PBXBuildFile; fileRef = 11302E312262D2A300799921 /* customer-service.png */; };
		11302E342262D2AB00799921 /* communication.png in Resources */ = {isa = PBXBuildFile; fileRef = 11302E332262D2AA00799921 /* communication.png */; };
		11302E362262D2E300799921 /* Suicide.swift in Sources */ = {isa = PBXBuildFile; fileRef = 11302E352262D2E300799921 /* Suicide.swift */; };
		11302E422262D93A00799921 /* quote6.jpg in Resources */ = {isa = PBXBuildFile; fileRef = 11302E382262D93900799921 /* quote6.jpg */; };
		11302E432262D93A00799921 /* quote4.jpg in Resources */ = {isa = PBXBuildFile; fileRef = 11302E392262D93900799921 /* quote4.jpg */; };
		11302E442262D93A00799921 /* quote5.jpg in Resources */ = {isa = PBXBuildFile; fileRef = 11302E3A2262D93900799921 /* quote5.jpg */; };
		11302E452262D93A00799921 /* quote8.jpg in Resources */ = {isa = PBXBuildFile; fileRef = 11302E3B2262D93900799921 /* quote8.jpg */; };
		11302E462262D93A00799921 /* quote1.jpg in Resources */ = {isa = PBXBuildFile; fileRef = 11302E3C2262D93900799921 /* quote1.jpg */; };
		11302E472262D93A00799921 /* quote7.jpg in Resources */ = {isa = PBXBuildFile; fileRef = 11302E3D2262D93A00799921 /* quote7.jpg */; };
		11302E482262D93A00799921 /* quote2.jpg in Resources */ = {isa = PBXBuildFile; fileRef = 11302E3E2262D93A00799921 /* quote2.jpg */; };
		11302E492262D93A00799921 /* quote3.jpg in Resources */ = {isa = PBXBuildFile; fileRef = 11302E3F2262D93A00799921 /* quote3.jpg */; };
		11302E4A2262D93A00799921 /* quote9.jpg in Resources */ = {isa = PBXBuildFile; fileRef = 11302E402262D93A00799921 /* quote9.jpg */; };
		11302E4B2262D93A00799921 /* quote10.jpg in Resources */ = {isa = PBXBuildFile; fileRef = 11302E412262D93A00799921 /* quote10.jpg */; };
		11AD33F72262E2470008F0EB /* suicideBackground copy.jpg in Resources */ = {isa = PBXBuildFile; fileRef = 11AD33F62262E2470008F0EB /* suicideBackground copy.jpg */; };
		11AD33F92262E31F0008F0EB /* sadBackground.jpg in Resources */ = {isa = PBXBuildFile; fileRef = 11AD33F82262E31E0008F0EB /* sadBackground.jpg */; };
		11AD33FC2262E3D10008F0EB /* jack-in-the-box.png in Resources */ = {isa = PBXBuildFile; fileRef = 11AD33FB2262E3D10008F0EB /* jack-in-the-box.png */; };
		11AD33FE2262E9860008F0EB /* youtube.png in Resources */ = {isa = PBXBuildFile; fileRef = 11AD33FD2262E9860008F0EB /* youtube.png */; };
		11AD34002262E9E30008F0EB /* Sad.swift in Sources */ = {isa = PBXBuildFile; fileRef = 11AD33FF2262E9E30008F0EB /* Sad.swift */; };
		11AD34022262FC8F0008F0EB /* contactBackground.jpg in Resources */ = {isa = PBXBuildFile; fileRef = 11AD34012262FC8E0008F0EB /* contactBackground.jpg */; };
		11AD34042262FD920008F0EB /* phonebook.png in Resources */ = {isa = PBXBuildFile; fileRef = 11AD34032262FD920008F0EB /* phonebook.png */; };
		11AD340A22630AE00008F0EB /* happyBackground.jpg in Resources */ = {isa = PBXBuildFile; fileRef = 11AD340922630ADF0008F0EB /* happyBackground.jpg */; };
		11AD340D22630B550008F0EB /* happy.png in Resources */ = {isa = PBXBuildFile; fileRef = 11AD340C22630B550008F0EB /* happy.png */; };
		11AD340F22630D450008F0EB /* sleepBackground.jpg in Resources */ = {isa = PBXBuildFile; fileRef = 11AD340E22630D450008F0EB /* sleepBackground.jpg */; };
		11AD341222630DA20008F0EB /* pillow.png in Resources */ = {isa = PBXBuildFile; fileRef = 11AD341122630DA20008F0EB /* pillow.png */; };
		11AD3417226311730008F0EB /* meditateSound.mp3 in Resources */ = {isa = PBXBuildFile; fileRef = 11AD3416226311730008F0EB /* meditateSound.mp3 */; };
		11AD3419226312190008F0EB /* sheep.png in Resources */ = {isa = PBXBuildFile; fileRef = 11AD3418226312190008F0EB /* sheep.png */; };
		11AD341B226312420008F0EB /* Sleep.swift in Sources */ = {isa = PBXBuildFile; fileRef = 11AD341A226312420008F0EB /* Sleep.swift */; };
		11AD341D226315300008F0EB /* multimedia.png in Resources */ = {isa = PBXBuildFile; fileRef = 11AD341C226315300008F0EB /* multimedia.png */; };
		11AD341F226336440008F0EB /* lightbulb.png in Resources */ = {isa = PBXBuildFile; fileRef = 11AD341E226336440008F0EB /* lightbulb.png */; };
		11AD3421226337910008F0EB /* play-button.png in Resources */ = {isa = PBXBuildFile; fileRef = 11AD3420226337910008F0EB /* play-button.png */; };
		11F4A989226192C00047AA95 /* AppDelegate.swift in Sources */ = {isa = PBXBuildFile; fileRef = 11F4A988226192C00047AA95 /* AppDelegate.swift */; };
		11F4A98B226192C00047AA95 /* ViewController.swift in Sources */ = {isa = PBXBuildFile; fileRef = 11F4A98A226192C00047AA95 /* ViewController.swift */; };
		11F4A98E226192C00047AA95 /* Main.storyboard in Resources */ = {isa = PBXBuildFile; fileRef = 11F4A98C226192C00047AA95 /* Main.storyboard */; };
		11F4A990226192C20047AA95 /* Assets.xcassets in Resources */ = {isa = PBXBuildFile; fileRef = 11F4A98F226192C20047AA95 /* Assets.xcassets */; };
		11F4A993226192C20047AA95 /* LaunchScreen.storyboard in Resources */ = {isa = PBXBuildFile; fileRef = 11F4A991226192C20047AA95 /* LaunchScreen.storyboard */; };
		11F4A99C22619DED0047AA95 /* HomeScreen.jpg in Resources */ = {isa = PBXBuildFile; fileRef = 11F4A99A22619DED0047AA95 /* HomeScreen.jpg */; };
		11F4A9A32261A0B50047AA95 /* angryMain.png in Resources */ = {isa = PBXBuildFile; fileRef = 11F4A99E2261A0B50047AA95 /* angryMain.png */; };
		11F4A9A42261A0B50047AA95 /* sleepyMain.png in Resources */ = {isa = PBXBuildFile; fileRef = 11F4A99F2261A0B50047AA95 /* sleepyMain.png */; };
		11F4A9A52261A0B50047AA95 /* surprisedMain.png in Resources */ = {isa = PBXBuildFile; fileRef = 11F4A9A02261A0B50047AA95 /* surprisedMain.png */; };
		11F4A9A62261A0B50047AA95 /* anxiousMain.png in Resources */ = {isa = PBXBuildFile; fileRef = 11F4A9A12261A0B50047AA95 /* anxiousMain.png */; };
		11F4A9A72261A0B50047AA95 /* sadMain.png in Resources */ = {isa = PBXBuildFile; fileRef = 11F4A9A22261A0B50047AA95 /* sadMain.png */; };
		11F4A9A92261A26D0047AA95 /* happyMain.png in Resources */ = {isa = PBXBuildFile; fileRef = 11F4A9A82261A26D0047AA95 /* happyMain.png */; };
		11F4A9AE2261A3CB0047AA95 /* CHERL___.TTF in Resources */ = {isa = PBXBuildFile; fileRef = 11F4A9AD2261A3CB0047AA95 /* CHERL___.TTF */; };
		11F4A9B02261A4850047AA95 /* Bloomer DEMO.otf in Resources */ = {isa = PBXBuildFile; fileRef = 11F4A9AF2261A4850047AA95 /* Bloomer DEMO.otf */; };
		11F4A9B72261AC810047AA95 /* AnxietyScreen.jpeg in Resources */ = {isa = PBXBuildFile; fileRef = 11F4A9B62261AC810047AA95 /* AnxietyScreen.jpeg */; };
		11F4A9C02261B0F60047AA95 /* StatBackground.jpg in Resources */ = {isa = PBXBuildFile; fileRef = 11F4A9BF2261B0F60047AA95 /* StatBackground.jpg */; };
		11F4A9C22261B6B20047AA95 /* StatController.swift in Sources */ = {isa = PBXBuildFile; fileRef = 11F4A9C12261B6B20047AA95 /* StatController.swift */; };
		11F4A9C42261C8C10047AA95 /* export.png in Resources */ = {isa = PBXBuildFile; fileRef = 11F4A9C32261C8C10047AA95 /* export.png */; };
		9949630CC8D8F910952DDDF9 /* Pods_Bitcamp2019.framework in Frameworks */ = {isa = PBXBuildFile; fileRef = 3522CE1F593B3BC130A30288 /* Pods_Bitcamp2019.framework */; };
/* End PBXBuildFile section */

/* Begin PBXFileReference section */
		112D184E2261D4AE000DB9D0 /* bar.png */ = {isa = PBXFileReference; lastKnownFileType = image.png; name = bar.png; path = ../../../../../Downloads/bar.png; sourceTree = "<group>"; };
		112D185022624C5D000DB9D0 /* anxious2.png */ = {isa = PBXFileReference; lastKnownFileType = image.png; name = anxious2.png; path = ../../../../../Downloads/anxious2.png; sourceTree = "<group>"; };
		112D185722625440000DB9D0 /* beach.png */ = {isa = PBXFileReference; lastKnownFileType = image.png; path = beach.png; sourceTree = "<group>"; };
		112D1859226254BD000DB9D0 /* sunny.png */ = {isa = PBXFileReference; lastKnownFileType = image.png; path = sunny.png; sourceTree = "<group>"; };
		112D185A226254E3000DB9D0 /* calendar.png */ = {isa = PBXFileReference; lastKnownFileType = image.png; name = calendar.png; path = ../../../../../Downloads/calendar.png; sourceTree = "<group>"; };
		112D185C22625814000DB9D0 /* sunset.png */ = {isa = PBXFileReference; lastKnownFileType = image.png; path = sunset.png; sourceTree = "<group>"; };
		112D186422626F76000DB9D0 /* notification.png */ = {isa = PBXFileReference; lastKnownFileType = image.png; name = notification.png; path = ../../../../../Downloads/notification.png; sourceTree = "<group>"; };
		112D186922626FF1000DB9D0 /* sea.png */ = {isa = PBXFileReference; lastKnownFileType = image.png; name = sea.png; path = ../../../../../Downloads/sea.png; sourceTree = "<group>"; };
		112D186A22626FF1000DB9D0 /* sunset (1).png */ = {isa = PBXFileReference; lastKnownFileType = image.png; name = "sunset (1).png"; path = "../../../../../Downloads/sunset (1).png"; sourceTree = "<group>"; };
		112D186B22626FF1000DB9D0 /* exercise.png */ = {isa = PBXFileReference; lastKnownFileType = image.png; name = exercise.png; path = ../../../../../Downloads/exercise.png; sourceTree = "<group>"; };
		112D186C22626FF1000DB9D0 /* weekly-calendar.png */ = {isa = PBXFileReference; lastKnownFileType = image.png; name = "weekly-calendar.png"; path = "../../../../../Downloads/weekly-calendar.png"; sourceTree = "<group>"; };
		112D1871226270AE000DB9D0 /* fireplace.png */ = {isa = PBXFileReference; lastKnownFileType = image.png; name = fireplace.png; path = ../../../../../Downloads/fireplace.png; sourceTree = "<group>"; };
		112D1877226291BC000DB9D0 /* mainBar.png */ = {isa = PBXFileReference; lastKnownFileType = image.png; name = mainBar.png; path = ../../../../../Downloads/mainBar.png; sourceTree = "<group>"; };
		112D1879226292D6000DB9D0 /* Anxiety.swift */ = {isa = PBXFileReference; lastKnownFileType = sourcecode.swift; path = Anxiety.swift; sourceTree = "<group>"; };
		112D187C22629453000DB9D0 /* drop.png */ = {isa = PBXFileReference; lastKnownFileType = image.png; name = drop.png; path = ../../../../../Downloads/drop.png; sourceTree = "<group>"; };
		112D187D22629453000DB9D0 /* forest.png */ = {isa = PBXFileReference; lastKnownFileType = image.png; name = forest.png; path = ../../../../../Downloads/forest.png; sourceTree = "<group>"; };
		112D187E22629453000DB9D0 /* headphones.png */ = {isa = PBXFileReference; lastKnownFileType = image.png; name = headphones.png; path = ../../../../../Downloads/headphones.png; sourceTree = "<group>"; };
		112D187F22629453000DB9D0 /* lotus.png */ = {isa = PBXFileReference; lastKnownFileType = image.png; name = lotus.png; path = ../../../../../Downloads/lotus.png; sourceTree = "<group>"; };
		112D188522629E45000DB9D0 /* nature.mp3 */ = {isa = PBXFileReference; lastKnownFileType = audio.mp3; name = nature.mp3; path = ../../../../../Downloads/nature.mp3; sourceTree = "<group>"; };
		112D188922629E5B000DB9D0 /* ocean.mp3 */ = {isa = PBXFileReference; lastKnownFileType = audio.mp3; name = ocean.mp3; path = ../../../../../Downloads/ocean.mp3; sourceTree = "<group>"; };
		112D188B22629E70000DB9D0 /* wave.png */ = {isa = PBXFileReference; lastKnownFileType = image.png; name = wave.png; path = ../../../../../Downloads/wave.png; sourceTree = "<group>"; };
		112D188F2262A0CF000DB9D0 /* music.png */ = {isa = PBXFileReference; lastKnownFileType = image.png; name = music.png; path = ../../../../../Downloads/music.png; sourceTree = "<group>"; };
		112D18912262AD2F000DB9D0 /* arrow.png */ = {isa = PBXFileReference; lastKnownFileType = image.png; name = arrow.png; path = ../../../../../Downloads/arrow.png; sourceTree = "<group>"; };
		112D18932262B2CF000DB9D0 /* angryBackground.jpeg */ = {isa = PBXFileReference; lastKnownFileType = image.jpeg; name = angryBackground.jpeg; path = ../../../../../Downloads/angryBackground.jpeg; sourceTree = "<group>"; };
		112D18962262B703000DB9D0 /* winner.png */ = {isa = PBXFileReference; lastKnownFileType = image.png; name = winner.png; path = ../../../../../Downloads/winner.png; sourceTree = "<group>"; };
		11302E202262C22D00799921 /* laugh.png */ = {isa = PBXFileReference; lastKnownFileType = image.png; name = laugh.png; path = ../../../../../Downloads/laugh.png; sourceTree = "<group>"; };
		11302E212262C22D00799921 /* sneaker.png */ = {isa = PBXFileReference; lastKnownFileType = image.png; name = sneaker.png; path = ../../../../../Downloads/sneaker.png; sourceTree = "<group>"; };
		11302E222262C22D00799921 /* camera.png */ = {isa = PBXFileReference; lastKnownFileType = image.png; name = camera.png; path = ../../../../../Downloads/camera.png; sourceTree = "<group>"; };
		11302E282262C35400799921 /* Angry.swift */ = {isa = PBXFileReference; lastKnownFileType = sourcecode.swift; path = Angry.swift; sourceTree = "<group>"; };
		11302E2A2262C68B00799921 /* gear.png */ = {isa = PBXFileReference; lastKnownFileType = image.png; name = gear.png; path = ../../../../../Downloads/gear.png; sourceTree = "<group>"; };
		11302E2C2262D09900799921 /* suicideBackground.jpg */ = {isa = PBXFileReference; lastKnownFileType = image.jpeg; name = suicideBackground.jpg; path = ../../../../../Downloads/suicideBackground.jpg; sourceTree = "<group>"; };
		11302E2F2262D1D500799921 /* charity.png */ = {isa = PBXFileReference; lastKnownFileType = image.png; name = charity.png; path = ../../../../../Downloads/charity.png; sourceTree = "<group>"; };
		11302E312262D2A300799921 /* customer-service.png */ = {isa = PBXFileReference; lastKnownFileType = image.png; name = "customer-service.png"; path = "../../../../../Downloads/customer-service.png"; sourceTree = "<group>"; };
		11302E332262D2AA00799921 /* communication.png */ = {isa = PBXFileReference; lastKnownFileType = image.png; name = communication.png; path = ../../../../../Downloads/communication.png; sourceTree = "<group>"; };
		11302E352262D2E300799921 /* Suicide.swift */ = {isa = PBXFileReference; lastKnownFileType = sourcecode.swift; path = Suicide.swift; sourceTree = "<group>"; };
		11302E382262D93900799921 /* quote6.jpg */ = {isa = PBXFileReference; lastKnownFileType = image.jpeg; name = quote6.jpg; path = ../../../../../Downloads/quote6.jpg; sourceTree = "<group>"; };
		11302E392262D93900799921 /* quote4.jpg */ = {isa = PBXFileReference; lastKnownFileType = image.jpeg; name = quote4.jpg; path = ../../../../../Downloads/quote4.jpg; sourceTree = "<group>"; };
		11302E3A2262D93900799921 /* quote5.jpg */ = {isa = PBXFileReference; lastKnownFileType = image.jpeg; name = quote5.jpg; path = ../../../../../Downloads/quote5.jpg; sourceTree = "<group>"; };
		11302E3B2262D93900799921 /* quote8.jpg */ = {isa = PBXFileReference; lastKnownFileType = image.jpeg; name = quote8.jpg; path = ../../../../../Downloads/quote8.jpg; sourceTree = "<group>"; };
		11302E3C2262D93900799921 /* quote1.jpg */ = {isa = PBXFileReference; lastKnownFileType = image.jpeg; name = quote1.jpg; path = ../../../../../Downloads/quote1.jpg; sourceTree = "<group>"; };
		11302E3D2262D93A00799921 /* quote7.jpg */ = {isa = PBXFileReference; lastKnownFileType = image.jpeg; name = quote7.jpg; path = ../../../../../Downloads/quote7.jpg; sourceTree = "<group>"; };
		11302E3E2262D93A00799921 /* quote2.jpg */ = {isa = PBXFileReference; lastKnownFileType = image.jpeg; name = quote2.jpg; path = ../../../../../Downloads/quote2.jpg; sourceTree = "<group>"; };
		11302E3F2262D93A00799921 /* quote3.jpg */ = {isa = PBXFileReference; lastKnownFileType = image.jpeg; name = quote3.jpg; path = ../../../../../Downloads/quote3.jpg; sourceTree = "<group>"; };
		11302E402262D93A00799921 /* quote9.jpg */ = {isa = PBXFileReference; lastKnownFileType = image.jpeg; name = quote9.jpg; path = ../../../../../Downloads/quote9.jpg; sourceTree = "<group>"; };
		11302E412262D93A00799921 /* quote10.jpg */ = {isa = PBXFileReference; lastKnownFileType = image.jpeg; name = quote10.jpg; path = ../../../../../Downloads/quote10.jpg; sourceTree = "<group>"; };
		11AD33F62262E2470008F0EB /* suicideBackground copy.jpg */ = {isa = PBXFileReference; lastKnownFileType = image.jpeg; name = "suicideBackground copy.jpg"; path = "../../../../../Downloads/suicideBackground copy.jpg"; sourceTree = "<group>"; };
		11AD33F82262E31E0008F0EB /* sadBackground.jpg */ = {isa = PBXFileReference; lastKnownFileType = image.jpeg; name = sadBackground.jpg; path = ../../../../../Downloads/sadBackground.jpg; sourceTree = "<group>"; };
		11AD33FB2262E3D10008F0EB /* jack-in-the-box.png */ = {isa = PBXFileReference; lastKnownFileType = image.png; name = "jack-in-the-box.png"; path = "../../../../../Downloads/jack-in-the-box.png"; sourceTree = "<group>"; };
		11AD33FD2262E9860008F0EB /* youtube.png */ = {isa = PBXFileReference; lastKnownFileType = image.png; name = youtube.png; path = ../../../../../Downloads/youtube.png; sourceTree = "<group>"; };
		11AD33FF2262E9E30008F0EB /* Sad.swift */ = {isa = PBXFileReference; lastKnownFileType = sourcecode.swift; path = Sad.swift; sourceTree = "<group>"; };
		11AD34012262FC8E0008F0EB /* contactBackground.jpg */ = {isa = PBXFileReference; lastKnownFileType = image.jpeg; name = contactBackground.jpg; path = ../../../../../Downloads/contactBackground.jpg; sourceTree = "<group>"; };
		11AD34032262FD920008F0EB /* phonebook.png */ = {isa = PBXFileReference; lastKnownFileType = image.png; name = phonebook.png; path = ../../../../../Downloads/phonebook.png; sourceTree = "<group>"; };
		11AD340922630ADF0008F0EB /* happyBackground.jpg */ = {isa = PBXFileReference; lastKnownFileType = image.jpeg; name = happyBackground.jpg; path = ../../../../../Downloads/happyBackground.jpg; sourceTree = "<group>"; };
		11AD340C22630B550008F0EB /* happy.png */ = {isa = PBXFileReference; lastKnownFileType = image.png; name = happy.png; path = ../../../../../Downloads/happy.png; sourceTree = "<group>"; };
		11AD340E22630D450008F0EB /* sleepBackground.jpg */ = {isa = PBXFileReference; lastKnownFileType = image.jpeg; name = sleepBackground.jpg; path = ../../../../../Downloads/sleepBackground.jpg; sourceTree = "<group>"; };
		11AD341122630DA20008F0EB /* pillow.png */ = {isa = PBXFileReference; lastKnownFileType = image.png; name = pillow.png; path = ../../../../../Downloads/pillow.png; sourceTree = "<group>"; };
		11AD3416226311730008F0EB /* meditateSound.mp3 */ = {isa = PBXFileReference; lastKnownFileType = audio.mp3; path = meditateSound.mp3; sourceTree = "<group>"; };
		11AD3418226312190008F0EB /* sheep.png */ = {isa = PBXFileReference; lastKnownFileType = image.png; name = sheep.png; path = ../../../../../Downloads/sheep.png; sourceTree = "<group>"; };
		11AD341A226312420008F0EB /* Sleep.swift */ = {isa = PBXFileReference; lastKnownFileType = sourcecode.swift; path = Sleep.swift; sourceTree = "<group>"; };
		11AD341C226315300008F0EB /* multimedia.png */ = {isa = PBXFileReference; lastKnownFileType = image.png; name = multimedia.png; path = ../../../../../Downloads/multimedia.png; sourceTree = "<group>"; };
		11AD341E226336440008F0EB /* lightbulb.png */ = {isa = PBXFileReference; lastKnownFileType = image.png; name = lightbulb.png; path = ../../../../../Downloads/lightbulb.png; sourceTree = "<group>"; };
		11AD3420226337910008F0EB /* play-button.png */ = {isa = PBXFileReference; lastKnownFileType = image.png; name = "play-button.png"; path = "../../../../../Downloads/play-button.png"; sourceTree = "<group>"; };
		11F4A985226192C00047AA95 /* Bitcamp2019.app */ = {isa = PBXFileReference; explicitFileType = wrapper.application; includeInIndex = 0; path = Bitcamp2019.app; sourceTree = BUILT_PRODUCTS_DIR; };
		11F4A988226192C00047AA95 /* AppDelegate.swift */ = {isa = PBXFileReference; lastKnownFileType = sourcecode.swift; path = AppDelegate.swift; sourceTree = "<group>"; };
		11F4A98A226192C00047AA95 /* ViewController.swift */ = {isa = PBXFileReference; lastKnownFileType = sourcecode.swift; path = ViewController.swift; sourceTree = "<group>"; };
		11F4A98D226192C00047AA95 /* Base */ = {isa = PBXFileReference; lastKnownFileType = file.storyboard; name = Base; path = Base.lproj/Main.storyboard; sourceTree = "<group>"; };
		11F4A98F226192C20047AA95 /* Assets.xcassets */ = {isa = PBXFileReference; lastKnownFileType = folder.assetcatalog; path = Assets.xcassets; sourceTree = "<group>"; };
		11F4A992226192C20047AA95 /* Base */ = {isa = PBXFileReference; lastKnownFileType = file.storyboard; name = Base; path = Base.lproj/LaunchScreen.storyboard; sourceTree = "<group>"; };
		11F4A994226192C20047AA95 /* Info.plist */ = {isa = PBXFileReference; lastKnownFileType = text.plist.xml; path = Info.plist; sourceTree = "<group>"; };
		11F4A99B22619DED0047AA95 /* Base */ = {isa = PBXFileReference; lastKnownFileType = image.jpeg; name = Base; path = Base.lproj/HomeScreen.jpg; sourceTree = "<group>"; };
		11F4A99E2261A0B50047AA95 /* angryMain.png */ = {isa = PBXFileReference; lastKnownFileType = image.png; name = angryMain.png; path = ../../../../../Downloads/angryMain.png; sourceTree = "<group>"; };
		11F4A99F2261A0B50047AA95 /* sleepyMain.png */ = {isa = PBXFileReference; lastKnownFileType = image.png; name = sleepyMain.png; path = ../../../../../Downloads/sleepyMain.png; sourceTree = "<group>"; };
		11F4A9A02261A0B50047AA95 /* surprisedMain.png */ = {isa = PBXFileReference; lastKnownFileType = image.png; name = surprisedMain.png; path = ../../../../../Downloads/surprisedMain.png; sourceTree = "<group>"; };
		11F4A9A12261A0B50047AA95 /* anxiousMain.png */ = {isa = PBXFileReference; lastKnownFileType = image.png; name = anxiousMain.png; path = ../../../../../Downloads/anxiousMain.png; sourceTree = "<group>"; };
		11F4A9A22261A0B50047AA95 /* sadMain.png */ = {isa = PBXFileReference; lastKnownFileType = image.png; name = sadMain.png; path = ../../../../../Downloads/sadMain.png; sourceTree = "<group>"; };
		11F4A9A82261A26D0047AA95 /* happyMain.png */ = {isa = PBXFileReference; lastKnownFileType = image.png; name = happyMain.png; path = ../../../../../Downloads/happyMain.png; sourceTree = "<group>"; };
		11F4A9AD2261A3CB0047AA95 /* CHERL___.TTF */ = {isa = PBXFileReference; lastKnownFileType = file; name = "CHERL___.TTF"; path = "../../../../../Downloads/cheri/CHERL___.TTF"; sourceTree = "<group>"; };
		11F4A9AF2261A4850047AA95 /* Bloomer DEMO.otf */ = {isa = PBXFileReference; lastKnownFileType = file; name = "Bloomer DEMO.otf"; path = "../../../../../Downloads/bloomer/Bloomer DEMO.otf"; sourceTree = "<group>"; };
		11F4A9B62261AC810047AA95 /* AnxietyScreen.jpeg */ = {isa = PBXFileReference; lastKnownFileType = image.jpeg; name = AnxietyScreen.jpeg; path = ../../../../../Downloads/AnxietyScreen.jpeg; sourceTree = "<group>"; };
		11F4A9BF2261B0F60047AA95 /* StatBackground.jpg */ = {isa = PBXFileReference; lastKnownFileType = image.jpeg; name = StatBackground.jpg; path = ../../../../../Downloads/StatBackground.jpg; sourceTree = "<group>"; };
		11F4A9C12261B6B20047AA95 /* StatController.swift */ = {isa = PBXFileReference; lastKnownFileType = sourcecode.swift; path = StatController.swift; sourceTree = "<group>"; };
		11F4A9C32261C8C10047AA95 /* export.png */ = {isa = PBXFileReference; lastKnownFileType = image.png; name = export.png; path = ../../../../../Downloads/export.png; sourceTree = "<group>"; };
		2B210007B38AEB2BE1113E3E /* Pods-Bitcamp2019.debug.xcconfig */ = {isa = PBXFileReference; includeInIndex = 1; lastKnownFileType = text.xcconfig; name = "Pods-Bitcamp2019.debug.xcconfig"; path = "Pods/Target Support Files/Pods-Bitcamp2019/Pods-Bitcamp2019.debug.xcconfig"; sourceTree = "<group>"; };
		3522CE1F593B3BC130A30288 /* Pods_Bitcamp2019.framework */ = {isa = PBXFileReference; explicitFileType = wrapper.framework; includeInIndex = 0; path = Pods_Bitcamp2019.framework; sourceTree = BUILT_PRODUCTS_DIR; };
		CA82B0129B3DAFA11CA0790D /* Pods-Bitcamp2019.release.xcconfig */ = {isa = PBXFileReference; includeInIndex = 1; lastKnownFileType = text.xcconfig; name = "Pods-Bitcamp2019.release.xcconfig"; path = "Pods/Target Support Files/Pods-Bitcamp2019/Pods-Bitcamp2019.release.xcconfig"; sourceTree = "<group>"; };
/* End PBXFileReference section */

/* Begin PBXFrameworksBuildPhase section */
		11F4A982226192C00047AA95 /* Frameworks */ = {
			isa = PBXFrameworksBuildPhase;
			buildActionMask = 2147483647;
			files = (
				9949630CC8D8F910952DDDF9 /* Pods_Bitcamp2019.framework in Frameworks */,
			);
			runOnlyForDeploymentPostprocessing = 0;
		};
/* End PBXFrameworksBuildPhase section */

/* Begin PBXGroup section */
		112D185622625435000DB9D0 /* Basic Icons */ = {
			isa = PBXGroup;
			children = (
				112D186B22626FF1000DB9D0 /* exercise.png */,
				112D186922626FF1000DB9D0 /* sea.png */,
				112D186A22626FF1000DB9D0 /* sunset (1).png */,
				112D186C22626FF1000DB9D0 /* weekly-calendar.png */,
				112D185C22625814000DB9D0 /* sunset.png */,
				112D185A226254E3000DB9D0 /* calendar.png */,
				112D185722625440000DB9D0 /* beach.png */,
				112D1859226254BD000DB9D0 /* sunny.png */,
			);
			path = "Basic Icons";
			sourceTree = "<group>";
		};
		112D187B22629441000DB9D0 /* Anxiety Icons */ = {
			isa = PBXGroup;
			children = (
				11AD341E226336440008F0EB /* lightbulb.png */,
				112D18912262AD2F000DB9D0 /* arrow.png */,
				112D188F2262A0CF000DB9D0 /* music.png */,
				112D188B22629E70000DB9D0 /* wave.png */,
				112D187C22629453000DB9D0 /* drop.png */,
				112D187D22629453000DB9D0 /* forest.png */,
				112D187E22629453000DB9D0 /* headphones.png */,
				112D187F22629453000DB9D0 /* lotus.png */,
			);
			path = "Anxiety Icons";
			sourceTree = "<group>";
		};
		112D188422629535000DB9D0 /* Anxiety Sounds */ = {
			isa = PBXGroup;
			children = (
				11AD3416226311730008F0EB /* meditateSound.mp3 */,
				112D188922629E5B000DB9D0 /* ocean.mp3 */,
				112D188522629E45000DB9D0 /* nature.mp3 */,
			);
			path = "Anxiety Sounds";
			sourceTree = "<group>";
		};
		112D18952262B6D4000DB9D0 /* Angry Icons */ = {
			isa = PBXGroup;
			children = (
				11AD34032262FD920008F0EB /* phonebook.png */,
				11302E2A2262C68B00799921 /* gear.png */,
				11302E222262C22D00799921 /* camera.png */,
				11302E202262C22D00799921 /* laugh.png */,
				11302E212262C22D00799921 /* sneaker.png */,
				112D18962262B703000DB9D0 /* winner.png */,
			);
			path = "Angry Icons";
			sourceTree = "<group>";
		};
		11302E2E2262D1C400799921 /* Suicide Icons */ = {
			isa = PBXGroup;
			children = (
				11302E332262D2AA00799921 /* communication.png */,
				11302E312262D2A300799921 /* customer-service.png */,
				11302E2F2262D1D500799921 /* charity.png */,
			);
			path = "Suicide Icons";
			sourceTree = "<group>";
		};
		11302E372262D8E100799921 /* Suicide Quote Images */ = {
			isa = PBXGroup;
			children = (
				11302E3C2262D93900799921 /* quote1.jpg */,
				11302E3E2262D93A00799921 /* quote2.jpg */,
				11302E3F2262D93A00799921 /* quote3.jpg */,
				11302E392262D93900799921 /* quote4.jpg */,
				11302E3A2262D93900799921 /* quote5.jpg */,
				11302E382262D93900799921 /* quote6.jpg */,
				11302E3D2262D93A00799921 /* quote7.jpg */,
				11302E3B2262D93900799921 /* quote8.jpg */,
				11302E402262D93A00799921 /* quote9.jpg */,
				11302E412262D93A00799921 /* quote10.jpg */,
			);
			path = "Suicide Quote Images";
			sourceTree = "<group>";
		};
		11AD33FA2262E3B80008F0EB /* Sad Icons */ = {
			isa = PBXGroup;
			children = (
				11AD33FD2262E9860008F0EB /* youtube.png */,
				11AD33FB2262E3D10008F0EB /* jack-in-the-box.png */,
			);
			path = "Sad Icons";
			sourceTree = "<group>";
		};
		11AD340B22630B4A0008F0EB /* Happy Icons */ = {
			isa = PBXGroup;
			children = (
				11AD340C22630B550008F0EB /* happy.png */,
			);
			path = "Happy Icons";
			sourceTree = "<group>";
		};
		11AD341022630D8B0008F0EB /* Sleep Icons */ = {
			isa = PBXGroup;
			children = (
				11AD3420226337910008F0EB /* play-button.png */,
				11AD341C226315300008F0EB /* multimedia.png */,
				11AD3418226312190008F0EB /* sheep.png */,
				11AD341122630DA20008F0EB /* pillow.png */,
			);
			path = "Sleep Icons";
			sourceTree = "<group>";
		};
		11F4A97C226192C00047AA95 = {
			isa = PBXGroup;
			children = (
				11F4A987226192C00047AA95 /* Bitcamp2019 */,
				11F4A986226192C00047AA95 /* Products */,
				AB88188C50F2BAFA4BCFA9EA /* Pods */,
				BCD9D74081D860B014644C88 /* Frameworks */,
			);
			sourceTree = "<group>";
		};
		11F4A986226192C00047AA95 /* Products */ = {
			isa = PBXGroup;
			children = (
				11F4A985226192C00047AA95 /* Bitcamp2019.app */,
			);
			name = Products;
			sourceTree = "<group>";
		};
		11F4A987226192C00047AA95 /* Bitcamp2019 */ = {
			isa = PBXGroup;
			children = (
				11AD341022630D8B0008F0EB /* Sleep Icons */,
				11AD340B22630B4A0008F0EB /* Happy Icons */,
				11AD33FA2262E3B80008F0EB /* Sad Icons */,
				11302E372262D8E100799921 /* Suicide Quote Images */,
				11302E2E2262D1C400799921 /* Suicide Icons */,
				112D18952262B6D4000DB9D0 /* Angry Icons */,
				112D188422629535000DB9D0 /* Anxiety Sounds */,
				112D187B22629441000DB9D0 /* Anxiety Icons */,
				112D185622625435000DB9D0 /* Basic Icons */,
				11F4A9B82261ADB80047AA95 /* Utility Icons */,
				11F4A9B32261ABCA0047AA95 /* Backgrounds */,
				11F4A9AA2261A3450047AA95 /* Fonts */,
				11F4A99D2261A0A20047AA95 /* Mood Icons */,
				11F4A988226192C00047AA95 /* AppDelegate.swift */,
				11F4A98A226192C00047AA95 /* ViewController.swift */,
				11F4A9C12261B6B20047AA95 /* StatController.swift */,
				11AD341A226312420008F0EB /* Sleep.swift */,
				11F4A98C226192C00047AA95 /* Main.storyboard */,
				11AD33FF2262E9E30008F0EB /* Sad.swift */,
				112D1879226292D6000DB9D0 /* Anxiety.swift */,
				11302E352262D2E300799921 /* Suicide.swift */,
				11302E282262C35400799921 /* Angry.swift */,
				11F4A98F226192C20047AA95 /* Assets.xcassets */,
				11F4A991226192C20047AA95 /* LaunchScreen.storyboard */,
				11F4A994226192C20047AA95 /* Info.plist */,
			);
			path = Bitcamp2019;
			sourceTree = "<group>";
		};
		11F4A99D2261A0A20047AA95 /* Mood Icons */ = {
			isa = PBXGroup;
			children = (
				112D185022624C5D000DB9D0 /* anxious2.png */,
				11F4A9A82261A26D0047AA95 /* happyMain.png */,
				11F4A99E2261A0B50047AA95 /* angryMain.png */,
				11F4A9A22261A0B50047AA95 /* sadMain.png */,
				11F4A9A12261A0B50047AA95 /* anxiousMain.png */,
				11F4A99F2261A0B50047AA95 /* sleepyMain.png */,
				11F4A9A02261A0B50047AA95 /* surprisedMain.png */,
			);
			path = "Mood Icons";
			sourceTree = "<group>";
		};
		11F4A9AA2261A3450047AA95 /* Fonts */ = {
			isa = PBXGroup;
			children = (
				11F4A9AF2261A4850047AA95 /* Bloomer DEMO.otf */,
				11F4A9AD2261A3CB0047AA95 /* CHERL___.TTF */,
			);
			path = Fonts;
			sourceTree = "<group>";
		};
		11F4A9B32261ABCA0047AA95 /* Backgrounds */ = {
			isa = PBXGroup;
			children = (
				11AD340E22630D450008F0EB /* sleepBackground.jpg */,
				11AD340922630ADF0008F0EB /* happyBackground.jpg */,
				11AD34012262FC8E0008F0EB /* contactBackground.jpg */,
				11AD33F82262E31E0008F0EB /* sadBackground.jpg */,
				11AD33F62262E2470008F0EB /* suicideBackground copy.jpg */,
				11302E2C2262D09900799921 /* suicideBackground.jpg */,
				112D18932262B2CF000DB9D0 /* angryBackground.jpeg */,
				11F4A9C32261C8C10047AA95 /* export.png */,
				11F4A9BF2261B0F60047AA95 /* StatBackground.jpg */,
				11F4A9B62261AC810047AA95 /* AnxietyScreen.jpeg */,
				11F4A99A22619DED0047AA95 /* HomeScreen.jpg */,
			);
			path = Backgrounds;
			sourceTree = "<group>";
		};
		11F4A9B82261ADB80047AA95 /* Utility Icons */ = {
			isa = PBXGroup;
			children = (
				112D1877226291BC000DB9D0 /* mainBar.png */,
				112D1871226270AE000DB9D0 /* fireplace.png */,
				112D186422626F76000DB9D0 /* notification.png */,
				112D184E2261D4AE000DB9D0 /* bar.png */,
			);
			path = "Utility Icons";
			sourceTree = "<group>";
		};
		AB88188C50F2BAFA4BCFA9EA /* Pods */ = {
			isa = PBXGroup;
			children = (
				2B210007B38AEB2BE1113E3E /* Pods-Bitcamp2019.debug.xcconfig */,
				CA82B0129B3DAFA11CA0790D /* Pods-Bitcamp2019.release.xcconfig */,
			);
			name = Pods;
			sourceTree = "<group>";
		};
		BCD9D74081D860B014644C88 /* Frameworks */ = {
			isa = PBXGroup;
			children = (
				3522CE1F593B3BC130A30288 /* Pods_Bitcamp2019.framework */,
			);
			name = Frameworks;
			sourceTree = "<group>";
		};
/* End PBXGroup section */

/* Begin PBXNativeTarget section */
		11F4A984226192C00047AA95 /* Bitcamp2019 */ = {
			isa = PBXNativeTarget;
			buildConfigurationList = 11F4A997226192C20047AA95 /* Build configuration list for PBXNativeTarget "Bitcamp2019" */;
			buildPhases = (
				D7157B7B5F196B6FA813FD70 /* [CP] Check Pods Manifest.lock */,
				11F4A981226192C00047AA95 /* Sources */,
				11F4A982226192C00047AA95 /* Frameworks */,
				11F4A983226192C00047AA95 /* Resources */,
			);
			buildRules = (
			);
			dependencies = (
			);
			name = Bitcamp2019;
			productName = Bitcamp2019;
			productReference = 11F4A985226192C00047AA95 /* Bitcamp2019.app */;
			productType = "com.apple.product-type.application";
		};
/* End PBXNativeTarget section */

/* Begin PBXProject section */
		11F4A97D226192C00047AA95 /* Project object */ = {
			isa = PBXProject;
			attributes = {
				LastSwiftUpdateCheck = 1020;
				LastUpgradeCheck = 1020;
				ORGANIZATIONNAME = Zac;
				TargetAttributes = {
					11F4A984226192C00047AA95 = {
						CreatedOnToolsVersion = 10.2;
					};
				};
			};
			buildConfigurationList = 11F4A980226192C00047AA95 /* Build configuration list for PBXProject "Bitcamp2019" */;
			compatibilityVersion = "Xcode 9.3";
			developmentRegion = en;
			hasScannedForEncodings = 0;
			knownRegions = (
				en,
				Base,
			);
			mainGroup = 11F4A97C226192C00047AA95;
			productRefGroup = 11F4A986226192C00047AA95 /* Products */;
			projectDirPath = "";
			projectRoot = "";
			targets = (
				11F4A984226192C00047AA95 /* Bitcamp2019 */,
			);
		};
/* End PBXProject section */

/* Begin PBXResourcesBuildPhase section */
		11F4A983226192C00047AA95 /* Resources */ = {
			isa = PBXResourcesBuildPhase;
			buildActionMask = 2147483647;
			files = (
				112D188122629453000DB9D0 /* forest.png in Resources */,
				112D188322629453000DB9D0 /* lotus.png in Resources */,
				11F4A9A72261A0B50047AA95 /* sadMain.png in Resources */,
				11AD3419226312190008F0EB /* sheep.png in Resources */,
				11AD33FE2262E9860008F0EB /* youtube.png in Resources */,
				112D188722629E45000DB9D0 /* nature.mp3 in Resources */,
				112D186D22626FF1000DB9D0 /* sea.png in Resources */,
				11AD34022262FC8F0008F0EB /* contactBackground.jpg in Resources */,
				11AD340A22630AE00008F0EB /* happyBackground.jpg in Resources */,
				11302E232262C22D00799921 /* laugh.png in Resources */,
				112D188022629453000DB9D0 /* drop.png in Resources */,
				11AD341222630DA20008F0EB /* pillow.png in Resources */,
				11302E452262D93A00799921 /* quote8.jpg in Resources */,
				11302E242262C22D00799921 /* sneaker.png in Resources */,
				11302E2B2262C68B00799921 /* gear.png in Resources */,
				11302E422262D93A00799921 /* quote6.jpg in Resources */,
				11F4A9A32261A0B50047AA95 /* angryMain.png in Resources */,
				11302E492262D93A00799921 /* quote3.jpg in Resources */,
				11302E432262D93A00799921 /* quote4.jpg in Resources */,
				11F4A993226192C20047AA95 /* LaunchScreen.storyboard in Resources */,
				11F4A9A62261A0B50047AA95 /* anxiousMain.png in Resources */,
				11F4A990226192C20047AA95 /* Assets.xcassets in Resources */,
				11F4A9A52261A0B50047AA95 /* surprisedMain.png in Resources */,
				11302E462262D93A00799921 /* quote1.jpg in Resources */,
				11302E302262D1D500799921 /* charity.png in Resources */,
				11AD33F72262E2470008F0EB /* suicideBackground copy.jpg in Resources */,
				112D185122624C5D000DB9D0 /* anxious2.png in Resources */,
				11302E252262C22D00799921 /* camera.png in Resources */,
				112D184F2261D4AE000DB9D0 /* bar.png in Resources */,
				112D188222629453000DB9D0 /* headphones.png in Resources */,
				11F4A99C22619DED0047AA95 /* HomeScreen.jpg in Resources */,
				11302E4B2262D93A00799921 /* quote10.jpg in Resources */,
				11AD340D22630B550008F0EB /* happy.png in Resources */,
				112D18902262A0D0000DB9D0 /* music.png in Resources */,
				11F4A9C02261B0F60047AA95 /* StatBackground.jpg in Resources */,
				11302E4A2262D93A00799921 /* quote9.jpg in Resources */,
				112D185D22625814000DB9D0 /* sunset.png in Resources */,
				112D18942262B2CF000DB9D0 /* angryBackground.jpeg in Resources */,
				112D188C22629E70000DB9D0 /* wave.png in Resources */,
				11302E442262D93A00799921 /* quote5.jpg in Resources */,
				112D1878226291BC000DB9D0 /* mainBar.png in Resources */,
				11F4A98E226192C00047AA95 /* Main.storyboard in Resources */,
				11F4A9B02261A4850047AA95 /* Bloomer DEMO.otf in Resources */,
				112D187022626FF1000DB9D0 /* weekly-calendar.png in Resources */,
				11AD33FC2262E3D10008F0EB /* jack-in-the-box.png in Resources */,
				11AD3421226337910008F0EB /* play-button.png in Resources */,
				112D186F22626FF1000DB9D0 /* exercise.png in Resources */,
				11F4A9B72261AC810047AA95 /* AnxietyScreen.jpeg in Resources */,
				11F4A9A92261A26D0047AA95 /* happyMain.png in Resources */,
				11AD34042262FD920008F0EB /* phonebook.png in Resources */,
				11302E472262D93A00799921 /* quote7.jpg in Resources */,
				11302E482262D93A00799921 /* quote2.jpg in Resources */,
				11302E322262D2A300799921 /* customer-service.png in Resources */,
				11AD341D226315300008F0EB /* multimedia.png in Resources */,
				11F4A9A42261A0B50047AA95 /* sleepyMain.png in Resources */,
				112D186E22626FF1000DB9D0 /* sunset (1).png in Resources */,
				112D18972262B703000DB9D0 /* winner.png in Resources */,
				112D185B226254E3000DB9D0 /* calendar.png in Resources */,
				11302E342262D2AB00799921 /* communication.png in Resources */,
				11AD33F92262E31F0008F0EB /* sadBackground.jpg in Resources */,
				11AD3417226311730008F0EB /* meditateSound.mp3 in Resources */,
				112D186822626F76000DB9D0 /* notification.png in Resources */,
				112D18922262AD2F000DB9D0 /* arrow.png in Resources */,
				11AD340F22630D450008F0EB /* sleepBackground.jpg in Resources */,
				11302E2D2262D09900799921 /* suicideBackground.jpg in Resources */,
				112D1872226270AE000DB9D0 /* fireplace.png in Resources */,
				11F4A9AE2261A3CB0047AA95 /* CHERL___.TTF in Resources */,
				112D188A22629E5B000DB9D0 /* ocean.mp3 in Resources */,
				11AD341F226336440008F0EB /* lightbulb.png in Resources */,
				11F4A9C42261C8C10047AA95 /* export.png in Resources */,
			);
			runOnlyForDeploymentPostprocessing = 0;
		};
/* End PBXResourcesBuildPhase section */

/* Begin PBXShellScriptBuildPhase section */
		D7157B7B5F196B6FA813FD70 /* [CP] Check Pods Manifest.lock */ = {
			isa = PBXShellScriptBuildPhase;
			buildActionMask = 2147483647;
			files = (
			);
			inputPaths = (
				"${PODS_PODFILE_DIR_PATH}/Podfile.lock",
				"${PODS_ROOT}/Manifest.lock",
			);
			name = "[CP] Check Pods Manifest.lock";
			outputPaths = (
				"$(DERIVED_FILE_DIR)/Pods-Bitcamp2019-checkManifestLockResult.txt",
			);
			runOnlyForDeploymentPostprocessing = 0;
			shellPath = /bin/sh;
			shellScript = "diff \"${PODS_PODFILE_DIR_PATH}/Podfile.lock\" \"${PODS_ROOT}/Manifest.lock\" > /dev/null\nif [ $? != 0 ] ; then\n    # print error to STDERR\n    echo \"error: The sandbox is not in sync with the Podfile.lock. Run 'pod install' or update your CocoaPods installation.\" >&2\n    exit 1\nfi\n# This output is used by Xcode 'outputs' to avoid re-running this script phase.\necho \"SUCCESS\" > \"${SCRIPT_OUTPUT_FILE_0}\"\n";
			showEnvVarsInLog = 0;
		};
/* End PBXShellScriptBuildPhase section */

/* Begin PBXSourcesBuildPhase section */
		11F4A981226192C00047AA95 /* Sources */ = {
			isa = PBXSourcesBuildPhase;
			buildActionMask = 2147483647;
			files = (
				11AD34002262E9E30008F0EB /* Sad.swift in Sources */,
				11302E292262C35400799921 /* Angry.swift in Sources */,
				11F4A9C22261B6B20047AA95 /* StatController.swift in Sources */,
				11F4A98B226192C00047AA95 /* ViewController.swift in Sources */,
				112D187A226292D6000DB9D0 /* Anxiety.swift in Sources */,
				11302E362262D2E300799921 /* Suicide.swift in Sources */,
				11F4A989226192C00047AA95 /* AppDelegate.swift in Sources */,
				11AD341B226312420008F0EB /* Sleep.swift in Sources */,
			);
			runOnlyForDeploymentPostprocessing = 0;
		};
/* End PBXSourcesBuildPhase section */

/* Begin PBXVariantGroup section */
		11F4A98C226192C00047AA95 /* Main.storyboard */ = {
			isa = PBXVariantGroup;
			children = (
				11F4A98D226192C00047AA95 /* Base */,
			);
			name = Main.storyboard;
			sourceTree = "<group>";
		};
		11F4A991226192C20047AA95 /* LaunchScreen.storyboard */ = {
			isa = PBXVariantGroup;
			children = (
				11F4A992226192C20047AA95 /* Base */,
			);
			name = LaunchScreen.storyboard;
			sourceTree = "<group>";
		};
		11F4A99A22619DED0047AA95 /* HomeScreen.jpg */ = {
			isa = PBXVariantGroup;
			children = (
				11F4A99B22619DED0047AA95 /* Base */,
			);
			name = HomeScreen.jpg;
			sourceTree = "<group>";
		};
/* End PBXVariantGroup section */

/* Begin XCBuildConfiguration section */
		11F4A995226192C20047AA95 /* Debug */ = {
			isa = XCBuildConfiguration;
			buildSettings = {
				ALWAYS_SEARCH_USER_PATHS = NO;
				CLANG_ANALYZER_NONNULL = YES;
				CLANG_ANALYZER_NUMBER_OBJECT_CONVERSION = YES_AGGRESSIVE;
				CLANG_CXX_LANGUAGE_STANDARD = "gnu++14";
				CLANG_CXX_LIBRARY = "libc++";
				CLANG_ENABLE_MODULES = YES;
				CLANG_ENABLE_OBJC_ARC = YES;
				CLANG_ENABLE_OBJC_WEAK = YES;
				CLANG_WARN_BLOCK_CAPTURE_AUTORELEASING = YES;
				CLANG_WARN_BOOL_CONVERSION = YES;
				CLANG_WARN_COMMA = YES;
				CLANG_WARN_CONSTANT_CONVERSION = YES;
				CLANG_WARN_DEPRECATED_OBJC_IMPLEMENTATIONS = YES;
				CLANG_WARN_DIRECT_OBJC_ISA_USAGE = YES_ERROR;
				CLANG_WARN_DOCUMENTATION_COMMENTS = YES;
				CLANG_WARN_EMPTY_BODY = YES;
				CLANG_WARN_ENUM_CONVERSION = YES;
				CLANG_WARN_INFINITE_RECURSION = YES;
				CLANG_WARN_INT_CONVERSION = YES;
				CLANG_WARN_NON_LITERAL_NULL_CONVERSION = YES;
				CLANG_WARN_OBJC_IMPLICIT_RETAIN_SELF = YES;
				CLANG_WARN_OBJC_LITERAL_CONVERSION = YES;
				CLANG_WARN_OBJC_ROOT_CLASS = YES_ERROR;
				CLANG_WARN_RANGE_LOOP_ANALYSIS = YES;
				CLANG_WARN_STRICT_PROTOTYPES = YES;
				CLANG_WARN_SUSPICIOUS_MOVE = YES;
				CLANG_WARN_UNGUARDED_AVAILABILITY = YES_AGGRESSIVE;
				CLANG_WARN_UNREACHABLE_CODE = YES;
				CLANG_WARN__DUPLICATE_METHOD_MATCH = YES;
				CODE_SIGN_IDENTITY = "iPhone Developer";
				COPY_PHASE_STRIP = NO;
				DEBUG_INFORMATION_FORMAT = dwarf;
				ENABLE_STRICT_OBJC_MSGSEND = YES;
				ENABLE_TESTABILITY = YES;
				GCC_C_LANGUAGE_STANDARD = gnu11;
				GCC_DYNAMIC_NO_PIC = NO;
				GCC_NO_COMMON_BLOCKS = YES;
				GCC_OPTIMIZATION_LEVEL = 0;
				GCC_PREPROCESSOR_DEFINITIONS = (
					"DEBUG=1",
					"$(inherited)",
				);
				GCC_WARN_64_TO_32_BIT_CONVERSION = YES;
				GCC_WARN_ABOUT_RETURN_TYPE = YES_ERROR;
				GCC_WARN_UNDECLARED_SELECTOR = YES;
				GCC_WARN_UNINITIALIZED_AUTOS = YES_AGGRESSIVE;
				GCC_WARN_UNUSED_FUNCTION = YES;
				GCC_WARN_UNUSED_VARIABLE = YES;
				IPHONEOS_DEPLOYMENT_TARGET = 12.2;
				MTL_ENABLE_DEBUG_INFO = INCLUDE_SOURCE;
				MTL_FAST_MATH = YES;
				ONLY_ACTIVE_ARCH = YES;
				SDKROOT = iphoneos;
				SWIFT_ACTIVE_COMPILATION_CONDITIONS = DEBUG;
				SWIFT_OPTIMIZATION_LEVEL = "-Onone";
			};
			name = Debug;
		};
		11F4A996226192C20047AA95 /* Release */ = {
			isa = XCBuildConfiguration;
			buildSettings = {
				ALWAYS_SEARCH_USER_PATHS = NO;
				CLANG_ANALYZER_NONNULL = YES;
				CLANG_ANALYZER_NUMBER_OBJECT_CONVERSION = YES_AGGRESSIVE;
				CLANG_CXX_LANGUAGE_STANDARD = "gnu++14";
				CLANG_CXX_LIBRARY = "libc++";
				CLANG_ENABLE_MODULES = YES;
				CLANG_ENABLE_OBJC_ARC = YES;
				CLANG_ENABLE_OBJC_WEAK = YES;
				CLANG_WARN_BLOCK_CAPTURE_AUTORELEASING = YES;
				CLANG_WARN_BOOL_CONVERSION = YES;
				CLANG_WARN_COMMA = YES;
				CLANG_WARN_CONSTANT_CONVERSION = YES;
				CLANG_WARN_DEPRECATED_OBJC_IMPLEMENTATIONS = YES;
				CLANG_WARN_DIRECT_OBJC_ISA_USAGE = YES_ERROR;
				CLANG_WARN_DOCUMENTATION_COMMENTS = YES;
				CLANG_WARN_EMPTY_BODY = YES;
				CLANG_WARN_ENUM_CONVERSION = YES;
				CLANG_WARN_INFINITE_RECURSION = YES;
				CLANG_WARN_INT_CONVERSION = YES;
				CLANG_WARN_NON_LITERAL_NULL_CONVERSION = YES;
				CLANG_WARN_OBJC_IMPLICIT_RETAIN_SELF = YES;
				CLANG_WARN_OBJC_LITERAL_CONVERSION = YES;
				CLANG_WARN_OBJC_ROOT_CLASS = YES_ERROR;
				CLANG_WARN_RANGE_LOOP_ANALYSIS = YES;
				CLANG_WARN_STRICT_PROTOTYPES = YES;
				CLANG_WARN_SUSPICIOUS_MOVE = YES;
				CLANG_WARN_UNGUARDED_AVAILABILITY = YES_AGGRESSIVE;
				CLANG_WARN_UNREACHABLE_CODE = YES;
				CLANG_WARN__DUPLICATE_METHOD_MATCH = YES;
				CODE_SIGN_IDENTITY = "iPhone Developer";
				COPY_PHASE_STRIP = NO;
				DEBUG_INFORMATION_FORMAT = "dwarf-with-dsym";
				ENABLE_NS_ASSERTIONS = NO;
				ENABLE_STRICT_OBJC_MSGSEND = YES;
				GCC_C_LANGUAGE_STANDARD = gnu11;
				GCC_NO_COMMON_BLOCKS = YES;
				GCC_WARN_64_TO_32_BIT_CONVERSION = YES;
				GCC_WARN_ABOUT_RETURN_TYPE = YES_ERROR;
				GCC_WARN_UNDECLARED_SELECTOR = YES;
				GCC_WARN_UNINITIALIZED_AUTOS = YES_AGGRESSIVE;
				GCC_WARN_UNUSED_FUNCTION = YES;
				GCC_WARN_UNUSED_VARIABLE = YES;
				IPHONEOS_DEPLOYMENT_TARGET = 12.2;
				MTL_ENABLE_DEBUG_INFO = NO;
				MTL_FAST_MATH = YES;
				SDKROOT = iphoneos;
				SWIFT_COMPILATION_MODE = wholemodule;
				SWIFT_OPTIMIZATION_LEVEL = "-O";
				VALIDATE_PRODUCT = YES;
			};
			name = Release;
		};
		11F4A998226192C20047AA95 /* Debug */ = {
			isa = XCBuildConfiguration;
			baseConfigurationReference = 2B210007B38AEB2BE1113E3E /* Pods-Bitcamp2019.debug.xcconfig */;
			buildSettings = {
				ASSETCATALOG_COMPILER_APPICON_NAME = AppIcon;
				CODE_SIGN_STYLE = Automatic;
				DEVELOPMENT_TEAM = 5BJFK2DS5P;
				INFOPLIST_FILE = Bitcamp2019/Info.plist;
				LD_RUNPATH_SEARCH_PATHS = (
					"$(inherited)",
					"@executable_path/Frameworks",
				);
				PRODUCT_BUNDLE_IDENTIFIER = zac.sunrise.bitcamp2019;
				PRODUCT_NAME = "$(TARGET_NAME)";
				SWIFT_VERSION = 5.0;
				TARGETED_DEVICE_FAMILY = 1;
			};
			name = Debug;
		};
		11F4A999226192C20047AA95 /* Release */ = {
			isa = XCBuildConfiguration;
			baseConfigurationReference = CA82B0129B3DAFA11CA0790D /* Pods-Bitcamp2019.release.xcconfig */;
			buildSettings = {
				ASSETCATALOG_COMPILER_APPICON_NAME = AppIcon;
				CODE_SIGN_STYLE = Automatic;
				DEVELOPMENT_TEAM = 5BJFK2DS5P;
				INFOPLIST_FILE = Bitcamp2019/Info.plist;
				LD_RUNPATH_SEARCH_PATHS = (
					"$(inherited)",
					"@executable_path/Frameworks",
				);
				PRODUCT_BUNDLE_IDENTIFIER = zac.sunrise.bitcamp2019;
				PRODUCT_NAME = "$(TARGET_NAME)";
				SWIFT_VERSION = 5.0;
				TARGETED_DEVICE_FAMILY = 1;
			};
			name = Release;
		};
/* End XCBuildConfiguration section */

/* Begin XCConfigurationList section */
		11F4A980226192C00047AA95 /* Build configuration list for PBXProject "Bitcamp2019" */ = {
			isa = XCConfigurationList;
			buildConfigurations = (
				11F4A995226192C20047AA95 /* Debug */,
				11F4A996226192C20047AA95 /* Release */,
			);
			defaultConfigurationIsVisible = 0;
			defaultConfigurationName = Release;
		};
		11F4A997226192C20047AA95 /* Build configuration list for PBXNativeTarget "Bitcamp2019" */ = {
			isa = XCConfigurationList;
			buildConfigurations = (
				11F4A998226192C20047AA95 /* Debug */,
				11F4A999226192C20047AA95 /* Release */,
			);
			defaultConfigurationIsVisible = 0;
			defaultConfigurationName = Release;
		};
/* End XCConfigurationList section */
	};
	rootObject = 11F4A97D226192C00047AA95 /* Project object */;
}
